
Microsoft Visual Studio Solution File, Format Version 12.00
# Visual Studio Version 17
VisualStudioVersion = 17.1.32228.430
MinimumVisualStudioVersion = 10.0.40219.1
Project("{FAE04EC0-301F-11D3-BF4B-00C04F79EFBC}") = "ConsoleApp2.12", "ConsoleApp2.12\ConsoleApp2.12.csproj", "{E361EE5E-8A90-43E1-83E1-F117A92FB023}"
EndProject
Global
	GlobalSection(SolutionConfigurationPlatforms) = preSolution
		Debug|Any CPU = Debug|Any CPU
		Release|Any CPU = Release|Any CPU
	EndGlobalSection
	GlobalSection(ProjectConfigurationPlatforms) = postSolution
		{E361EE5E-8A90-43E1-83E1-F117A92FB023}.Debug|Any CPU.ActiveCfg = Debug|Any CPU
		{E361EE5E-8A90-43E1-83E1-F117A92FB023}.Debug|Any CPU.Build.0 = Debug|Any CPU
		{E361EE5E-8A90-43E1-83E1-F117A92FB023}.Release|Any CPU.ActiveCfg = Release|Any CPU
		{E361EE5E-8A90-43E1-83E1-F117A92FB023}.Release|Any CPU.Build.0 = Release|Any CPU
	EndGlobalSection
	GlobalSection(SolutionProperties) = preSolution
		HideSolutionNode = FALSE
	EndGlobalSection
	GlobalSection(ExtensibilityGlobals) = postSolution
		SolutionGuid = {15F7BC81-7BFB-4D1E-9FC7-4FE07F043EFD}
	EndGlobalSection
EndGlobal
